
Microsoft Visual Studio Solution File, Format Version 12.00
# Visual Studio Version 16
VisualStudioVersion = 16.0.34301.259
MinimumVisualStudioVersion = 10.0.40219.1
Project("{FAE04EC0-301F-11D3-BF4B-00C04F79EFBC}") = "WinFormPokebola", "WinFormPokebola\WinFormPokebola.csproj", "{E25729C7-2563-4C02-8763-437AFD721F4A}"
EndProject
Project("{FAE04EC0-301F-11D3-BF4B-00C04F79EFBC}") = "dominio", "dominio\dominio.csproj", "{450D2A38-82DC-4779-B4B1-9D6EA76E82AE}"
EndProject
Project("{FAE04EC0-301F-11D3-BF4B-00C04F79EFBC}") = "negocio", "negocio\negocio.csproj", "{24029B5F-D8C7-49BB-9B79-5E6D02D2BA7E}"
EndProject
Global
	GlobalSection(SolutionConfigurationPlatforms) = preSolution
		Debug|Any CPU = Debug|Any CPU
		Release|Any CPU = Release|Any CPU
	EndGlobalSection
	GlobalSection(ProjectConfigurationPlatforms) = postSolution
		{E25729C7-2563-4C02-8763-437AFD721F4A}.Debug|Any CPU.ActiveCfg = Debug|Any CPU
		{E25729C7-2563-4C02-8763-437AFD721F4A}.Debug|Any CPU.Build.0 = Debug|Any CPU
		{E25729C7-2563-4C02-8763-437AFD721F4A}.Release|Any CPU.ActiveCfg = Release|Any CPU
		{E25729C7-2563-4C02-8763-437AFD721F4A}.Release|Any CPU.Build.0 = Release|Any CPU
		{450D2A38-82DC-4779-B4B1-9D6EA76E82AE}.Debug|Any CPU.ActiveCfg = Debug|Any CPU
		{450D2A38-82DC-4779-B4B1-9D6EA76E82AE}.Debug|Any CPU.Build.0 = Debug|Any CPU
		{450D2A38-82DC-4779-B4B1-9D6EA76E82AE}.Release|Any CPU.ActiveCfg = Release|Any CPU
		{450D2A38-82DC-4779-B4B1-9D6EA76E82AE}.Release|Any CPU.Build.0 = Release|Any CPU
		{24029B5F-D8C7-49BB-9B79-5E6D02D2BA7E}.Debug|Any CPU.ActiveCfg = Debug|Any CPU
		{24029B5F-D8C7-49BB-9B79-5E6D02D2BA7E}.Debug|Any CPU.Build.0 = Debug|Any CPU
		{24029B5F-D8C7-49BB-9B79-5E6D02D2BA7E}.Release|Any CPU.ActiveCfg = Release|Any CPU
		{24029B5F-D8C7-49BB-9B79-5E6D02D2BA7E}.Release|Any CPU.Build.0 = Release|Any CPU
	EndGlobalSection
	GlobalSection(SolutionProperties) = preSolution
		HideSolutionNode = FALSE
	EndGlobalSection
	GlobalSection(ExtensibilityGlobals) = postSolution
		SolutionGuid = {AD3BFCDF-4A4F-4BC8-93FC-03FD968CD7B8}
	EndGlobalSection
EndGlobal
